Microsoft Visual Studio Solution File, Format Version 11.00
# Visual Studio 2008

Project("{3AF85866-94A3-378E-9A9D-6F75BF16EA41}") = "unity-sample", "Assembly-CSharp.csproj", "{25957923-2BA1-A3A7-F424-60D42B5EF350}"
EndProject
Global
	GlobalSection(SolutionConfigurationPlatforms) = preSolution
		Debug|Any CPU = Debug|Any CPU
		Release|Any CPU = Release|Any CPU
	EndGlobalSection
	GlobalSection(ProjectConfigurationPlatforms) = postSolution
		{25957923-2BA1-A3A7-F424-60D42B5EF350}.Debug|Any CPU.ActiveCfg = Debug|Any CPU
		{25957923-2BA1-A3A7-F424-60D42B5EF350}.Debug|Any CPU.Build.0 = Debug|Any CPU
		{25957923-2BA1-A3A7-F424-60D42B5EF350}.Release|Any CPU.ActiveCfg = Release|Any CPU
		{25957923-2BA1-A3A7-F424-60D42B5EF350}.Release|Any CPU.Build.0 = Release|Any CPU
	EndGlobalSection
	GlobalSection(SolutionProperties) = preSolution
		HideSolutionNode = FALSE
	EndGlobalSection
	GlobalSection(MonoDevelopProperties) = preSolution
		StartupItem = Assembly-CSharp.csproj
	EndGlobalSection
EndGlobal
